github.com/sclevine/agouti v3.0.0+incompatible h1:8IBJS6PWz3uTlMP3YBIR5f+KAldcGuOeFkFbUWfBgK4=
github.com/sclevine/agouti v3.0.0+incompatible/go.mod h1:b4WX9W9L1sfQKXeJf1mUTLZKJ48R1S7H23Ji7oFO5Bw=
github.com/siddontang/go v0.0.0-20180604090527-bdc77568d726 h1:xT+JlYxNGqyT+XcU8iUrN18JYed2TvG9yN5ULG2jATM=
github.com/siddontang/go v0.0.0-20180604090527-bdc77568d726/go.mod h1:3yhqj7WBBfRhbBlzyOC3gUxftwsU0u8gqevxwIHQpMw=
